PODS:
  - Alamofire (4.9.0)
  - IQKeyboardManagerSwift (6.5.1)
  - Moya (13.0.1):
    - Moya/Core (= 13.0.1)
  - Moya/Core (13.0.1):
    - Alamofire (~> 4.1)
    - Result (~> 4.1)
  - Realm (3.19.0):
    - Realm/Headers (= 3.19.0)
  - Realm/Headers (3.19.0)
  - RealmSwift (3.19.0):
    - Realm (= 3.19.0)
  - Result (4.1.0)
  - SendGrid (2.2.0)
  - Siren (5.2.1)
  - SkeletonView (1.8.2)
  - Stripe (17.0.2)

DEPENDENCIES:
  - Alamofire
  - IQKeyboardManagerSwift
  - Moya
  - RealmSwift
  - SendGrid (from `https://github.com/scottkawai/sendgrid-swift.git`)
  - Siren
  - SkeletonView
  - Stripe

SPEC REPOS:
  https://github.com/CocoaPods/Specs.git:
    - IQKeyboardManagerSwift
    - Siren
    - Stripe
  trunk:
    - Alamofire
    - Moya
    - Realm
    - RealmSwift
    - Result
    - SkeletonView

EXTERNAL SOURCES:
  SendGrid:
    :git: https://github.com/scottkawai/sendgrid-swift.git

CHECKOUT OPTIONS:
  SendGrid:
    :commit: 0cabd388dfcf7301390be62167583c2deea46151
    :git: https://github.com/scottkawai/sendgrid-swift.git

SPEC CHECKSUMS:
  Alamofire: afc3e7c6db61476cb45cdd23fed06bad03bbc321
  IQKeyboardManagerSwift: 9ac7524fad9f9fe9a3b98c927e7772471ca546d2
  Moya: f4a4b80ff2f8a4ffc208dfb31cd91636622fee6e
  Realm: 995d585bcf699aaff226715886c849a29dd3d07f
  RealmSwift: 35f284a537989f2187b413e5917091948cb87a3f
  Result: bd966fac789cc6c1563440b348ab2598cc24d5c7
  SendGrid: 0554c988d042609ab63f4388b96b093b82c091a7
  Siren: 8a22581dcf49ff12752531c471761c15b2c7e272
  SkeletonView: bb27c39857e5492136f02ee8a3aa78de55d12ecd
  Stripe: 6c9ab10f087ca76c3cd7311462e383434921bdf8

PODFILE CHECKSUM: 462397398c4957eefeda84e5af34c66cb8956287

COCOAPODS: 1.8.1
